
Microsoft Visual Studio Solution File, Format Version 12.00
# Visual Studio Version 16
VisualStudioVersion = 16.0.30114.105
MinimumVisualStudioVersion = 10.0.40219.1
Project("{FAE04EC0-301F-11D3-BF4B-00C04F79EFBC}") = "api", "api\api.csproj", "{1F2A8CB7-F7F6-45D2-9655-960DD7EDEC6C}"
EndProject
Project("{FAE04EC0-301F-11D3-BF4B-00C04F79EFBC}") = "worker", "worker\worker.csproj", "{5ECAF0DA-7813-4D2B-A5B1-893AF38EE502}"
EndProject
Project("{FAE04EC0-301F-11D3-BF4B-00C04F79EFBC}") = "contracts", "contracts\contracts.csproj", "{8FFB73F9-FBB2-4CC3-A28F-87FF16A6941A}"
EndProject
Global
	GlobalSection(SolutionConfigurationPlatforms) = preSolution
		Debug|Any CPU = Debug|Any CPU
		Release|Any CPU = Release|Any CPU
	EndGlobalSection
	GlobalSection(SolutionProperties) = preSolution
		HideSolutionNode = FALSE
	EndGlobalSection
	GlobalSection(ProjectConfigurationPlatforms) = postSolution
		{1F2A8CB7-F7F6-45D2-9655-960DD7EDEC6C}.Debug|Any CPU.ActiveCfg = Debug|Any CPU
		{1F2A8CB7-F7F6-45D2-9655-960DD7EDEC6C}.Debug|Any CPU.Build.0 = Debug|Any CPU
		{1F2A8CB7-F7F6-45D2-9655-960DD7EDEC6C}.Release|Any CPU.ActiveCfg = Release|Any CPU
		{1F2A8CB7-F7F6-45D2-9655-960DD7EDEC6C}.Release|Any CPU.Build.0 = Release|Any CPU
		{5ECAF0DA-7813-4D2B-A5B1-893AF38EE502}.Debug|Any CPU.ActiveCfg = Debug|Any CPU
		{5ECAF0DA-7813-4D2B-A5B1-893AF38EE502}.Debug|Any CPU.Build.0 = Debug|Any CPU
		{5ECAF0DA-7813-4D2B-A5B1-893AF38EE502}.Release|Any CPU.ActiveCfg = Release|Any CPU
		{5ECAF0DA-7813-4D2B-A5B1-893AF38EE502}.Release|Any CPU.Build.0 = Release|Any CPU
		{8FFB73F9-FBB2-4CC3-A28F-87FF16A6941A}.Debug|Any CPU.ActiveCfg = Debug|Any CPU
		{8FFB73F9-FBB2-4CC3-A28F-87FF16A6941A}.Debug|Any CPU.Build.0 = Debug|Any CPU
		{8FFB73F9-FBB2-4CC3-A28F-87FF16A6941A}.Release|Any CPU.ActiveCfg = Release|Any CPU
		{8FFB73F9-FBB2-4CC3-A28F-87FF16A6941A}.Release|Any CPU.Build.0 = Release|Any CPU
	EndGlobalSection
EndGlobal
